
Microsoft Visual Studio Solution File, Format Version 11.00
# Visual C# Express 2010
Project("{FAE04EC0-301F-11D3-BF4B-00C04F79EFBC}") = "SquareChase", "SquareChase\SquareChase\SquareChase.csproj", "{A2C7C745-9862-4C0A-A3DF-1C514A2DA8BC}"
EndProject
Project("{96E2B04D-8817-42C6-938A-82C39BA4D311}") = "SquareChaseContent", "SquareChase\SquareChaseContent\SquareChaseContent.contentproj", "{8906ACD6-A5E6-4CD8-BC82-22E16ABE3E20}"
EndProject
Global
	GlobalSection(SolutionConfigurationPlatforms) = preSolution
		Debug|x86 = Debug|x86
		Release|x86 = Release|x86
	EndGlobalSection
	GlobalSection(ProjectConfigurationPlatforms) = postSolution
		{A2C7C745-9862-4C0A-A3DF-1C514A2DA8BC}.Debug|x86.ActiveCfg = Debug|x86
		{A2C7C745-9862-4C0A-A3DF-1C514A2DA8BC}.Debug|x86.Build.0 = Debug|x86
		{A2C7C745-9862-4C0A-A3DF-1C514A2DA8BC}.Release|x86.ActiveCfg = Release|x86
		{A2C7C745-9862-4C0A-A3DF-1C514A2DA8BC}.Release|x86.Build.0 = Release|x86
		{8906ACD6-A5E6-4CD8-BC82-22E16ABE3E20}.Debug|x86.ActiveCfg = Debug|x86
		{8906ACD6-A5E6-4CD8-BC82-22E16ABE3E20}.Release|x86.ActiveCfg = Release|x86
	EndGlobalSection
	GlobalSection(SolutionProperties) = preSolution
		HideSolutionNode = FALSE
	EndGlobalSection
EndGlobal
